
Microsoft Visual Studio Solution File, Format Version 12.00
# Visual Studio Version 17
VisualStudioVersion = 17.1.32421.90
MinimumVisualStudioVersion = 10.0.40219.1
Project("{2150E333-8FDC-42A3-9474-1A3956D46DE8}") = "1 - Apresentacao", "1 - Apresentacao", "{C3D35EE4-DD34-40FF-B97C-C3F667433DF5}"
EndProject
Project("{2150E333-8FDC-42A3-9474-1A3956D46DE8}") = "2 - Aplicacao", "2 - Aplicacao", "{C6061413-C899-451C-A3D2-CA4B55B6EA2C}"
EndProject
Project("{2150E333-8FDC-42A3-9474-1A3956D46DE8}") = "3 - Dominio", "3 - Dominio", "{DE53A6B5-7E76-4B42-9C4A-8215B652A0CB}"
EndProject
Project("{2150E333-8FDC-42A3-9474-1A3956D46DE8}") = "4 - Infra", "4 - Infra", "{34BDE6A2-3CC2-49F9-A5D6-86C694EE0D3B}"
EndProject
Project("{2150E333-8FDC-42A3-9474-1A3956D46DE8}") = "5 - Testes", "5 - Testes", "{9B7D56BE-2198-4E5D-8047-2FB705DD967B}"
EndProject
Project("{FAE04EC0-301F-11D3-BF4B-00C04F79EFBC}") = "Aplicacao", "Aplicacao\Aplicacao.csproj", "{443B5DF9-760A-488F-A1C2-463B02A92225}"
EndProject
Project("{FAE04EC0-301F-11D3-BF4B-00C04F79EFBC}") = "Dominio", "Dominio\Dominio.csproj", "{62BA8A17-B9C6-4DF8-8250-1976BC90E7AF}"
EndProject
Project("{FAE04EC0-301F-11D3-BF4B-00C04F79EFBC}") = "Infra", "Infra\Infra.csproj", "{BB3A0542-DD50-407A-8068-ABAE9FC08EB6}"
EndProject
Project("{FAE04EC0-301F-11D3-BF4B-00C04F79EFBC}") = "Testes", "Testes\Testes.csproj", "{109FEF7A-CB99-40F0-BC77-15480347139A}"
EndProject
Project("{FAE04EC0-301F-11D3-BF4B-00C04F79EFBC}") = "Api", "Api\Api.csproj", "{47BE4F24-8E47-4404-8801-12FEAF47B176}"
EndProject
Project("{FAE04EC0-301F-11D3-BF4B-00C04F79EFBC}") = "Console", "Console\Console.csproj", "{897023D7-48C1-417C-9C2B-B78665233E6D}"
EndProject
Global
	GlobalSection(SolutionConfigurationPlatforms) = preSolution
		Debug|Any CPU = Debug|Any CPU
		Release|Any CPU = Release|Any CPU
	EndGlobalSection
	GlobalSection(ProjectConfigurationPlatforms) = postSolution
		{443B5DF9-760A-488F-A1C2-463B02A92225}.Debug|Any CPU.ActiveCfg = Debug|Any CPU
		{443B5DF9-760A-488F-A1C2-463B02A92225}.Debug|Any CPU.Build.0 = Debug|Any CPU
		{443B5DF9-760A-488F-A1C2-463B02A92225}.Release|Any CPU.ActiveCfg = Release|Any CPU
		{443B5DF9-760A-488F-A1C2-463B02A92225}.Release|Any CPU.Build.0 = Release|Any CPU
		{62BA8A17-B9C6-4DF8-8250-1976BC90E7AF}.Debug|Any CPU.ActiveCfg = Debug|Any CPU
		{62BA8A17-B9C6-4DF8-8250-1976BC90E7AF}.Debug|Any CPU.Build.0 = Debug|Any CPU
		{62BA8A17-B9C6-4DF8-8250-1976BC90E7AF}.Release|Any CPU.ActiveCfg = Release|Any CPU
		{62BA8A17-B9C6-4DF8-8250-1976BC90E7AF}.Release|Any CPU.Build.0 = Release|Any CPU
		{BB3A0542-DD50-407A-8068-ABAE9FC08EB6}.Debug|Any CPU.ActiveCfg = Debug|Any CPU
		{BB3A0542-DD50-407A-8068-ABAE9FC08EB6}.Debug|Any CPU.Build.0 = Debug|Any CPU
		{BB3A0542-DD50-407A-8068-ABAE9FC08EB6}.Release|Any CPU.ActiveCfg = Release|Any CPU
		{BB3A0542-DD50-407A-8068-ABAE9FC08EB6}.Release|Any CPU.Build.0 = Release|Any CPU
		{109FEF7A-CB99-40F0-BC77-15480347139A}.Debug|Any CPU.ActiveCfg = Debug|Any CPU
		{109FEF7A-CB99-40F0-BC77-15480347139A}.Debug|Any CPU.Build.0 = Debug|Any CPU
		{109FEF7A-CB99-40F0-BC77-15480347139A}.Release|Any CPU.ActiveCfg = Release|Any CPU
		{109FEF7A-CB99-40F0-BC77-15480347139A}.Release|Any CPU.Build.0 = Release|Any CPU
		{47BE4F24-8E47-4404-8801-12FEAF47B176}.Debug|Any CPU.ActiveCfg = Debug|Any CPU
		{47BE4F24-8E47-4404-8801-12FEAF47B176}.Debug|Any CPU.Build.0 = Debug|Any CPU
		{47BE4F24-8E47-4404-8801-12FEAF47B176}.Release|Any CPU.ActiveCfg = Release|Any CPU
		{47BE4F24-8E47-4404-8801-12FEAF47B176}.Release|Any CPU.Build.0 = Release|Any CPU
		{897023D7-48C1-417C-9C2B-B78665233E6D}.Debug|Any CPU.ActiveCfg = Debug|Any CPU
		{897023D7-48C1-417C-9C2B-B78665233E6D}.Debug|Any CPU.Build.0 = Debug|Any CPU
		{897023D7-48C1-417C-9C2B-B78665233E6D}.Release|Any CPU.ActiveCfg = Release|Any CPU
		{897023D7-48C1-417C-9C2B-B78665233E6D}.Release|Any CPU.Build.0 = Release|Any CPU
	EndGlobalSection
	GlobalSection(SolutionProperties) = preSolution
		HideSolutionNode = FALSE
	EndGlobalSection
	GlobalSection(NestedProjects) = preSolution
		{443B5DF9-760A-488F-A1C2-463B02A92225} = {C6061413-C899-451C-A3D2-CA4B55B6EA2C}
		{62BA8A17-B9C6-4DF8-8250-1976BC90E7AF} = {DE53A6B5-7E76-4B42-9C4A-8215B652A0CB}
		{BB3A0542-DD50-407A-8068-ABAE9FC08EB6} = {34BDE6A2-3CC2-49F9-A5D6-86C694EE0D3B}
		{109FEF7A-CB99-40F0-BC77-15480347139A} = {9B7D56BE-2198-4E5D-8047-2FB705DD967B}
		{47BE4F24-8E47-4404-8801-12FEAF47B176} = {C3D35EE4-DD34-40FF-B97C-C3F667433DF5}
		{897023D7-48C1-417C-9C2B-B78665233E6D} = {C3D35EE4-DD34-40FF-B97C-C3F667433DF5}
	EndGlobalSection
	GlobalSection(ExtensibilityGlobals) = postSolution
		SolutionGuid = {72D28F51-F22F-4D8F-8297-26A78BE235A1}
	EndGlobalSection
EndGlobal
